{
  "nodes": {
    "flakeNimbleLib": {
      "inputs": {
        "nixpkgs": [
          "nixpkgs"
        ]
      },
      "locked": {
        "lastModified": 1662018438,
        "narHash": "sha256-QtNtU6+LX3Wokxf0zlFwKTFOcn6TeDjKQZ+DA9OYtvM=",
        "owner": "riinr",
        "repo": "nim-flakes-lib",
        "rev": "b1fe8340736e3a85d25c709ac3dfd82a55c03cbf",
        "type": "github"
      },
      "original": {
        "owner": "riinr",
        "ref": "master",
        "repo": "nim-flakes-lib",
        "type": "github"
      }
    },
    "iterutils-master": {
      "inputs": {
        "flakeNimbleLib": [
          "flakeNimbleLib"
        ],
        "nixpkgs": [
          "nixpkgs"
        ],
        "src-iterutils-master": "src-iterutils-master"
      },
      "locked": {
        "dir": "master",
        "lastModified": 1662254544,
        "narHash": "sha256-ONEBAMr2ekfnoukSsKeqkEqHTaP20TufDPdS15XebXs=",
        "owner": "nim-nix-pkgs",
        "repo": "iterutils",
        "rev": "efe0c1c669d2200e8edb319f2c89b9a43d170f70",
        "type": "github"
      },
      "original": {
        "dir": "master",
        "owner": "nim-nix-pkgs",
        "ref": "master",
        "repo": "iterutils",
        "type": "github"
      }
    },
    "nixpkgs": {
      "locked": {
        "lastModified": 1667110639,
        "narHash": "sha256-4FbPESZ5LbqQxkJJJBAfk/zKgF9h/4kyUwjjpJwYlbc=",
        "owner": "NixOS",
        "repo": "nixpkgs",
        "rev": "f38a1f04d1bec1feb61fd101a0539ae2002a7087",
        "type": "github"
      },
      "original": {
        "id": "nixpkgs",
        "type": "indirect"
      }
    },
    "root": {
      "inputs": {
        "flakeNimbleLib": "flakeNimbleLib",
        "iterutils-master": "iterutils-master",
        "nixpkgs": "nixpkgs"
      }
    },
    "src-iterutils-master": {
      "flake": false,
      "locked": {
        "lastModified": 1660227921,
        "narHash": "sha256-bC7y2I6H3frtGu9Kd9uN1r8iJk5wrsitH9tVpT0/fDk=",
        "owner": "def-",
        "repo": "iterutils",
        "rev": "03a191546e65232c1fd754f746ba1de0ee66472e",
        "type": "github"
      },
      "original": {
        "owner": "def-",
        "ref": "refs/heads/master",
        "repo": "iterutils",
        "type": "github"
      }
    }
  },
  "root": "root",
  "version": 7
}
